{
    "_readme": [
        "This file locks the dependencies of your project to a known state",
        "Read more about it at https://getcomposer.org/doc/01-basic-usage.md#installing-dependencies",
        "This file is @generated automatically"
    ],
    "content-hash": "2fa835f3bb484704cc49ce8a3ba5300c",
    "packages": [
        {
            "name": "hack4mer/diffon",
            "version": "v1.1.2",
            "source": {
                "type": "git",
                "url": "https://github.com/hack4mer/diffon.git",
                "reference": "97a9bfe6e2290e009452676406c982c86fc45e56"
            },
            "dist": {
                "type": "zip",
                "url": "https://api.github.com/repos/hack4mer/diffon/zipball/97a9bfe6e2290e009452676406c982c86fc45e56",
                "reference": "97a9bfe6e2290e009452676406c982c86fc45e56",
                "shasum": ""
            },
            "type": "library",
            "autoload": {
                "psr-4": {
                    "Hack4mer\\Diffon\\": "src/"
                }
            },
            "notification-url": "https://packagist.org/downloads/",
            "license": [
                "MIT"
            ],
            "authors": [
                {
                    "name": "hack4mer",
                    "email": "mail@anand.today"
                }
            ],
            "description": "A PHP library to find the differences between two given directories",
            "time": "2018-10-21T09:41:12+00:00"
        }
    ],
    "packages-dev": [],
    "aliases": [],
    "minimum-stability": "stable",
    "stability-flags": [],
    "prefer-stable": false,
    "prefer-lowest": false,
    "platform": [],
    "platform-dev": []
}
